<?xml version="1.0" encoding="utf-8"?>
<Project ToolsVersion="4.0" xmlns="http://schemas.microsoft.com/developer/msbuild/2003">
  <ItemGroup>
    <Filter Include="ヘッダーファイル">
      <UniqueIdentifier>{2abbc47f-0626-4db6-bb6b-9089990dd328}</UniqueIdentifier>
    </Filter>
    <Filter Include="ソースファイル">
      <UniqueIdentifier>{2490f17a-3427-4cb7-94a6-c4cc2ad42ed8}</UniqueIdentifier>
    </Filter>
    <Filter Include="ソースファイル\scenes">
      <UniqueIdentifier>{6af9edd6-c4a9-43c4-af5b-9ffe850afcd5}</UniqueIdentifier>
    </Filter>
    <Filter Include="ソースファイル\Entity">
      <UniqueIdentifier>{296694ff-36de-4feb-90f7-04e6d2f09338}</UniqueIdentifier>
    </Filter>
    <Filter Include="ソースファイル\Shader">
      <UniqueIdentifier>{23c191a3-130c-4860-9824-483f7aa3fc11}</UniqueIdentifier>
    </Filter>
    <Filter Include="ソースファイル\Terrain">
      <UniqueIdentifier>{b4ad9de7-a7cc-45e0-930a-e6c99364117d}</UniqueIdentifier>
    </Filter>
    <Filter Include="ソースファイル\Component">
      <UniqueIdentifier>{39af3a75-44cb-403f-b7a9-458fb65ada0b}</UniqueIdentifier>
    </Filter>
  </ItemGroup>
  <ItemGroup>
    <ClCompile Include="main.cpp">
      <Filter>ソースファイル</Filter>
    </ClCompile>
    <ClCompile Include="manager.cpp">
      <Filter>ソースファイル</Filter>
    </ClCompile>
    <ClCompile Include="renderer.cpp">
      <Filter>ソースファイル</Filter>
    </ClCompile>
    <ClCompile Include="polygon2D.cpp">
      <Filter>ソースファイル</Filter>
    </ClCompile>
    <ClCompile Include="field.cpp">
      <Filter>ソースファイル</Filter>
    </ClCompile>
    <ClCompile Include="camera.cpp">
      <Filter>ソースファイル</Filter>
    </ClCompile>
    <ClCompile Include="model.cpp">
      <Filter>ソースファイル</Filter>
    </ClCompile>
    <ClCompile Include="sprite.cpp">
      <Filter>ソースファイル</Filter>
    </ClCompile>
    <ClCompile Include="input.cpp">
      <Filter>ソースファイル</Filter>
    </ClCompile>
    <ClCompile Include="SkyDome.cpp">
      <Filter>ソースファイル</Filter>
    </ClCompile>
    <ClCompile Include="explosion.cpp">
      <Filter>ソースファイル</Filter>
    </ClCompile>
    <ClCompile Include="EffectKira.cpp">
      <Filter>ソースファイル</Filter>
    </ClCompile>
    <ClCompile Include="Score.cpp">
      <Filter>ソースファイル</Filter>
    </ClCompile>
    <ClCompile Include="Goal.cpp">
      <Filter>ソースファイル</Filter>
    </ClCompile>
    <ClCompile Include="title.cpp">
      <Filter>ソースファイル\scenes</Filter>
    </ClCompile>
    <ClCompile Include="result.cpp">
      <Filter>ソースファイル\scenes</Filter>
    </ClCompile>
    <ClCompile Include="titleLogo.cpp">
      <Filter>ソースファイル\scenes</Filter>
    </ClCompile>
    <ClCompile Include="ResultLogo.cpp">
      <Filter>ソースファイル\scenes</Filter>
    </ClCompile>
    <ClCompile Include="game.cpp">
      <Filter>ソースファイル\scenes</Filter>
    </ClCompile>
    <ClCompile Include="life.cpp">
      <Filter>ソースファイル</Filter>
    </ClCompile>
    <ClCompile Include="EntityEffect.cpp">
      <Filter>ソースファイル\Entity</Filter>
    </ClCompile>
    <ClCompile Include="fade.cpp">
      <Filter>ソースファイル</Filter>
    </ClCompile>
    <ClCompile Include="EntityShadow.cpp">
      <Filter>ソースファイル\Entity</Filter>
    </ClCompile>
    <ClCompile Include="box.cpp">
      <Filter>ソースファイル\Terrain</Filter>
    </ClCompile>
    <ClCompile Include="cylinder.cpp">
      <Filter>ソースファイル\Terrain</Filter>
    </ClCompile>
    <ClCompile Include="TerrainBoxMove.cpp">
      <Filter>ソースファイル\Terrain</Filter>
    </ClCompile>
    <ClCompile Include="player.cpp">
      <Filter>ソースファイル\Entity</Filter>
    </ClCompile>
    <ClCompile Include="enemy.cpp">
      <Filter>ソースファイル\Entity</Filter>
    </ClCompile>
    <ClCompile Include="ComponentMarker.cpp">
      <Filter>ソースファイル\Component</Filter>
    </ClCompile>
    <ClCompile Include="audio.cpp">
      <Filter>ソースファイル\Component</Filter>
    </ClCompile>
    <ClCompile Include="AttackBox.cpp">
      <Filter>ソースファイル\Entity</Filter>
    </ClCompile>
  </ItemGroup>
  <ItemGroup>
    <ClInclude Include="renderer.h">
      <Filter>ヘッダーファイル</Filter>
    </ClInclude>
    <ClInclude Include="manager.h">
      <Filter>ヘッダーファイル</Filter>
    </ClInclude>
    <ClInclude Include="main.h">
      <Filter>ヘッダーファイル</Filter>
    </ClInclude>
    <ClInclude Include="polygon2D.h">
      <Filter>ヘッダーファイル</Filter>
    </ClInclude>
    <ClInclude Include="field.h">
      <Filter>ヘッダーファイル</Filter>
    </ClInclude>
    <ClInclude Include="camera.h">
      <Filter>ヘッダーファイル</Filter>
    </ClInclude>
    <ClInclude Include="model.h">
      <Filter>ヘッダーファイル</Filter>
    </ClInclude>
    <ClInclude Include="input.h">
      <Filter>ヘッダーファイル</Filter>
    </ClInclude>
    <ClInclude Include="SkyDome.h">
      <Filter>ヘッダーファイル</Filter>
    </ClInclude>
    <ClInclude Include="explosion.h">
      <Filter>ヘッダーファイル</Filter>
    </ClInclude>
    <ClInclude Include="EffectKira.h">
      <Filter>ヘッダーファイル</Filter>
    </ClInclude>
    <ClInclude Include="Score.h">
      <Filter>ヘッダーファイル</Filter>
    </ClInclude>
    <ClInclude Include="Goal.h">
      <Filter>ヘッダーファイル</Filter>
    </ClInclude>
    <ClInclude Include="life.h">
      <Filter>ヘッダーファイル</Filter>
    </ClInclude>
    <ClInclude Include="sprite.h">
      <Filter>ヘッダーファイル</Filter>
    </ClInclude>
    <ClInclude Include="fade.h">
      <Filter>ヘッダーファイル</Filter>
    </ClInclude>
    <ClInclude Include="enemy.h">
      <Filter>ソースファイル\Entity</Filter>
    </ClInclude>
    <ClInclude Include="EntityEffect.h">
      <Filter>ソースファイル\Entity</Filter>
    </ClInclude>
    <ClInclude Include="EntityShadow.h">
      <Filter>ソースファイル\Entity</Filter>
    </ClInclude>
    <ClInclude Include="gameObject.h">
      <Filter>ソースファイル\Entity</Filter>
    </ClInclude>
    <ClInclude Include="player.h">
      <Filter>ソースファイル\Entity</Filter>
    </ClInclude>
    <ClInclude Include="game.h">
      <Filter>ソースファイル\scenes</Filter>
    </ClInclude>
    <ClInclude Include="result.h">
      <Filter>ソースファイル\scenes</Filter>
    </ClInclude>
    <ClInclude Include="ResultLogo.h">
      <Filter>ソースファイル\scenes</Filter>
    </ClInclude>
    <ClInclude Include="title.h">
      <Filter>ソースファイル\scenes</Filter>
    </ClInclude>
    <ClInclude Include="titleLogo.h">
      <Filter>ソースファイル\scenes</Filter>
    </ClInclude>
    <ClInclude Include="box.h">
      <Filter>ソースファイル\Terrain</Filter>
    </ClInclude>
    <ClInclude Include="cylinder.h">
      <Filter>ソースファイル\Terrain</Filter>
    </ClInclude>
    <ClInclude Include="TerrainBoxMove.h">
      <Filter>ソースファイル\Terrain</Filter>
    </ClInclude>
    <ClInclude Include="component.h">
      <Filter>ソースファイル\Component</Filter>
    </ClInclude>
    <ClInclude Include="audio.h">
      <Filter>ソースファイル\Component</Filter>
    </ClInclude>
    <ClInclude Include="ComponentMarker.h">
      <Filter>ソースファイル\Component</Filter>
    </ClInclude>
    <ClInclude Include="scene.h">
      <Filter>ソースファイル\scenes</Filter>
    </ClInclude>
    <ClInclude Include="AttackBox.h">
      <Filter>ソースファイル\Entity</Filter>
    </ClInclude>
  </ItemGroup>
  <ItemGroup>
    <FxCompile Include="shader\common.hlsl">
      <Filter>ソースファイル\Shader</Filter>
    </FxCompile>
    <FxCompile Include="shader\unlitTexturePS.hlsl">
      <Filter>ソースファイル\Shader</Filter>
    </FxCompile>
    <FxCompile Include="shader\unlitTextureVS.hlsl">
      <Filter>ソースファイル\Shader</Filter>
    </FxCompile>
    <FxCompile Include="shader\vertexLightingPS.hlsl">
      <Filter>ソースファイル\Shader</Filter>
    </FxCompile>
    <FxCompile Include="shader\vertexLightingVS.hlsl">
      <Filter>ソースファイル\Shader</Filter>
    </FxCompile>
  </ItemGroup>
</Project>